
Microsoft Visual Studio Solution File, Format Version 12.00
#
VisualStudioVersion = 17.5.002.0
MinimumVisualStudioVersion = 
Project("{FAE04EC0-301F-11D3-BF4B-00C04F79EFBC}") = "DriveSalez.WebApi", "DriveSalez.WebApi\DriveSalez.WebApi.csproj", "{C42D8478-4896-4A0A-8BE3-135F9E476CEE}"
EndProject
Project("{FAE04EC0-301F-11D3-BF4B-00C04F79EFBC}") = "DriveSalez.Persistence", "DriveSalez.Persistence\DriveSalez.Persistence.csproj", "{DFB4DBCB-49C7-4F30-91E0-1ACCA889337B}"
EndProject
Project("{2150E333-8FDC-42A3-9474-1A3956D46DE8}") = "src", "src", "{82711767-AD15-477C-862C-6EB0146ACBBF}"
EndProject
Project("{FAE04EC0-301F-11D3-BF4B-00C04F79EFBC}") = "DriveSalez.Domain", "DriveSalez.Domain\DriveSalez.Domain.csproj", "{FC73C10D-3243-4A79-A0FE-2ABC6B9DC4C6}"
EndProject
Project("{2150E333-8FDC-42A3-9474-1A3956D46DE8}") = "Core", "Core", "{5138C39A-B7FA-46F0-8D62-45C20613F8DC}"
EndProject
Project("{2150E333-8FDC-42A3-9474-1A3956D46DE8}") = "Infrastructure", "Infrastructure", "{8075E67B-E56C-4938-A107-F282B028193F}"
EndProject
Project("{FAE04EC0-301F-11D3-BF4B-00C04F79EFBC}") = "DriveSalez.Presentation", "DriveSalez.Presentation\DriveSalez.Presentation.csproj", "{44650CC7-5E99-4258-A55D-55D3E18702DF}"
EndProject
Project("{2150E333-8FDC-42A3-9474-1A3956D46DE8}") = "test", "test", "{4E33FE4E-C9E5-4558-8551-F224B44D8E48}"
EndProject
Project("{FAE04EC0-301F-11D3-BF4B-00C04F79EFBC}") = "DriveSalez.SharedKernel", "DriveSalez.SharedKernel\DriveSalez.SharedKernel.csproj", "{D8AEE946-1CE3-4286-A71F-A4972CAFE441}"
EndProject
Project("{FAE04EC0-301F-11D3-BF4B-00C04F79EFBC}") = "DriveSalez.Application", "DriveSalez.Application\DriveSalez.Application.csproj", "{0E507604-C29F-439C-907C-1CFE439E5757}"
EndProject
Project("{FAE04EC0-301F-11D3-BF4B-00C04F79EFBC}") = "DriveSalez.Application.Contracts", "DriveSalez.Application.Contracts\DriveSalez.Application.Contracts.csproj", "{F37D9BBD-1689-4E70-840C-ABC3584FB6E2}"
EndProject
Project("{FAE04EC0-301F-11D3-BF4B-00C04F79EFBC}") = "DriveSalez.Persistence.Contracts", "DriveSalez.Persistence.Contracts\DriveSalez.Persistence.Contracts.csproj", "{5E9052CE-E6CB-4349-A28B-7A550BCD0B29}"
EndProject
Global
	GlobalSection(SolutionConfigurationPlatforms) = preSolution
		Debug|Any CPU = Debug|Any CPU
		Release|Any CPU = Release|Any CPU
	EndGlobalSection
	GlobalSection(ProjectConfigurationPlatforms) = postSolution
		{C42D8478-4896-4A0A-8BE3-135F9E476CEE}.Debug|Any CPU.ActiveCfg = Debug|Any CPU
		{C42D8478-4896-4A0A-8BE3-135F9E476CEE}.Debug|Any CPU.Build.0 = Debug|Any CPU
		{C42D8478-4896-4A0A-8BE3-135F9E476CEE}.Release|Any CPU.ActiveCfg = Release|Any CPU
		{C42D8478-4896-4A0A-8BE3-135F9E476CEE}.Release|Any CPU.Build.0 = Release|Any CPU
		{DFB4DBCB-49C7-4F30-91E0-1ACCA889337B}.Debug|Any CPU.ActiveCfg = Debug|Any CPU
		{DFB4DBCB-49C7-4F30-91E0-1ACCA889337B}.Debug|Any CPU.Build.0 = Debug|Any CPU
		{DFB4DBCB-49C7-4F30-91E0-1ACCA889337B}.Release|Any CPU.ActiveCfg = Release|Any CPU
		{DFB4DBCB-49C7-4F30-91E0-1ACCA889337B}.Release|Any CPU.Build.0 = Release|Any CPU
		{FC73C10D-3243-4A79-A0FE-2ABC6B9DC4C6}.Debug|Any CPU.ActiveCfg = Debug|Any CPU
		{FC73C10D-3243-4A79-A0FE-2ABC6B9DC4C6}.Debug|Any CPU.Build.0 = Debug|Any CPU
		{FC73C10D-3243-4A79-A0FE-2ABC6B9DC4C6}.Release|Any CPU.ActiveCfg = Release|Any CPU
		{FC73C10D-3243-4A79-A0FE-2ABC6B9DC4C6}.Release|Any CPU.Build.0 = Release|Any CPU
		{44650CC7-5E99-4258-A55D-55D3E18702DF}.Debug|Any CPU.ActiveCfg = Debug|Any CPU
		{44650CC7-5E99-4258-A55D-55D3E18702DF}.Debug|Any CPU.Build.0 = Debug|Any CPU
		{44650CC7-5E99-4258-A55D-55D3E18702DF}.Release|Any CPU.ActiveCfg = Release|Any CPU
		{44650CC7-5E99-4258-A55D-55D3E18702DF}.Release|Any CPU.Build.0 = Release|Any CPU
		{D8AEE946-1CE3-4286-A71F-A4972CAFE441}.Debug|Any CPU.ActiveCfg = Debug|Any CPU
		{D8AEE946-1CE3-4286-A71F-A4972CAFE441}.Debug|Any CPU.Build.0 = Debug|Any CPU
		{D8AEE946-1CE3-4286-A71F-A4972CAFE441}.Release|Any CPU.ActiveCfg = Release|Any CPU
		{D8AEE946-1CE3-4286-A71F-A4972CAFE441}.Release|Any CPU.Build.0 = Release|Any CPU
		{0E507604-C29F-439C-907C-1CFE439E5757}.Debug|Any CPU.ActiveCfg = Debug|Any CPU
		{0E507604-C29F-439C-907C-1CFE439E5757}.Debug|Any CPU.Build.0 = Debug|Any CPU
		{0E507604-C29F-439C-907C-1CFE439E5757}.Release|Any CPU.ActiveCfg = Release|Any CPU
		{0E507604-C29F-439C-907C-1CFE439E5757}.Release|Any CPU.Build.0 = Release|Any CPU
		{F37D9BBD-1689-4E70-840C-ABC3584FB6E2}.Debug|Any CPU.ActiveCfg = Debug|Any CPU
		{F37D9BBD-1689-4E70-840C-ABC3584FB6E2}.Debug|Any CPU.Build.0 = Debug|Any CPU
		{F37D9BBD-1689-4E70-840C-ABC3584FB6E2}.Release|Any CPU.ActiveCfg = Release|Any CPU
		{F37D9BBD-1689-4E70-840C-ABC3584FB6E2}.Release|Any CPU.Build.0 = Release|Any CPU
		{5E9052CE-E6CB-4349-A28B-7A550BCD0B29}.Debug|Any CPU.ActiveCfg = Debug|Any CPU
		{5E9052CE-E6CB-4349-A28B-7A550BCD0B29}.Debug|Any CPU.Build.0 = Debug|Any CPU
		{5E9052CE-E6CB-4349-A28B-7A550BCD0B29}.Release|Any CPU.ActiveCfg = Release|Any CPU
		{5E9052CE-E6CB-4349-A28B-7A550BCD0B29}.Release|Any CPU.Build.0 = Release|Any CPU
	EndGlobalSection
	GlobalSection(SolutionProperties) = preSolution
		HideSolutionNode = FALSE
	EndGlobalSection
	GlobalSection(NestedProjects) = preSolution
		{C42D8478-4896-4A0A-8BE3-135F9E476CEE} = {82711767-AD15-477C-862C-6EB0146ACBBF}
		{DFB4DBCB-49C7-4F30-91E0-1ACCA889337B} = {8075E67B-E56C-4938-A107-F282B028193F}
		{FC73C10D-3243-4A79-A0FE-2ABC6B9DC4C6} = {5138C39A-B7FA-46F0-8D62-45C20613F8DC}
		{5138C39A-B7FA-46F0-8D62-45C20613F8DC} = {82711767-AD15-477C-862C-6EB0146ACBBF}
		{8075E67B-E56C-4938-A107-F282B028193F} = {82711767-AD15-477C-862C-6EB0146ACBBF}
		{44650CC7-5E99-4258-A55D-55D3E18702DF} = {8075E67B-E56C-4938-A107-F282B028193F}
		{D8AEE946-1CE3-4286-A71F-A4972CAFE441} = {82711767-AD15-477C-862C-6EB0146ACBBF}
		{0E507604-C29F-439C-907C-1CFE439E5757} = {5138C39A-B7FA-46F0-8D62-45C20613F8DC}
		{F37D9BBD-1689-4E70-840C-ABC3584FB6E2} = {5138C39A-B7FA-46F0-8D62-45C20613F8DC}
		{5E9052CE-E6CB-4349-A28B-7A550BCD0B29} = {8075E67B-E56C-4938-A107-F282B028193F}
	EndGlobalSection
EndGlobal
